{
    "hash": "a8cb8f81ec3ca74430d109dd94f664df",
    "packages": [
        {
            "package": "monolog/monolog",
            "version": "1.0.2"
        },
        {
            "package": "symfony/console",
            "version": "v2.0.12"
        },
        {
            "package": "twig/twig",
            "version": "dev-master",
            "source-reference": "6e2fd68e7b62d91692a7adfb959475ab9b840d99"
        }
    ],
    "aliases": []
}
