{
    "hash": "6859165dade46fe8bc627da6f93980a7",
    "packages": [
        {
            "package": "monolog/monolog",
            "version": "dev-master",
            "source-reference": "6c15897ac74bd53572328094eacf03fbb7b8bca7"
        },
        {
            "package": "symfony/console",
            "version": "v2.0.12"
        },
        {
            "package": "twig/twig",
            "version": "dev-master",
            "source-reference": "aa4efe1c0ad78f675d062ae5bf55259e36cbb939"
        }
    ],
    "aliases": []
}
