{
    "hash": "f071bd5588c99a03248973de6ee36a64",
    "packages": [
        {
            "package": "kriswallsmith/assetic",
            "version": "dev-master",
            "source-reference": "eb3b5eb732e5f172d5aa12dea0af36b7989c18b3"
        },
        {
            "package": "symfony/console",
            "version": "dev-master",
            "source-reference": "8e3c42aa976f18a9bfcb0694553e5f99def3309c"
        },
        {
            "package": "symfony/finder",
            "version": "dev-master",
            "source-reference": "57ec7198a70e6c40e450ba66cc2f8ecab98746c8"
        },
        {
            "package": "symfony/process",
            "version": "dev-master",
            "source-reference": "2e4da8c8076744bafed97451bb1574c96cda0e68"
        },
        {
            "package": "twig/twig",
            "version": "dev-master",
            "source-reference": "4e28408ce1fced95251e5f8c8299aa43e9f40f4d"
        }
    ],
    "aliases": []
}
